
Microsoft Visual Studio Solution File, Format Version 12.00
# Visual Studio Version 17
VisualStudioVersion = 17.8.34525.116
MinimumVisualStudioVersion = 10.0.40219.1
Project("{2150E333-8FDC-42A3-9474-1A3956D46DE8}") = "src", "src", "{FE39E4FE-6F04-4BF5-8AE2-E25CFE9B2C8D}"
EndProject
Project("{2150E333-8FDC-42A3-9474-1A3956D46DE8}") = "test", "test", "{0D104B47-7B75-471E-BE11-7EE397AADEAE}"
EndProject
Project("{FAE04EC0-301F-11D3-BF4B-00C04F79EFBC}") = "CentralWeb", "src\CentralWeb\CentralWeb.csproj", "{0A6FFCC6-BEE8-4664-BA4B-603698ECCA54}"
EndProject
Project("{FAE04EC0-301F-11D3-BF4B-00C04F79EFBC}") = "Common", "src\Common\Common.csproj", "{F06B94B9-04E1-4FBD-ACEE-19C36987B0B2}"
EndProject
Project("{FAE04EC0-301F-11D3-BF4B-00C04F79EFBC}") = "Data", "src\Data\Data.csproj", "{14DF9B1D-3DDF-4599-8049-1B9CB3A8C4ED}"
EndProject
Project("{FAE04EC0-301F-11D3-BF4B-00C04F79EFBC}") = "Entities", "src\Entities\Entities.csproj", "{8CC877D5-F95C-4D42-87AE-D4BDA7A6D4D3}"
EndProject
Project("{FAE04EC0-301F-11D3-BF4B-00C04F79EFBC}") = "Services", "src\Services\Services.csproj", "{634475E4-42D2-4A75-A3BF-111D85656088}"
EndProject
Project("{FAE04EC0-301F-11D3-BF4B-00C04F79EFBC}") = "WebFrameworks", "src\WebFrameworks\WebFrameworks.csproj", "{C5E053B8-2591-4B03-AF7A-8B2EE75DF937}"
EndProject
Project("{FAE04EC0-301F-11D3-BF4B-00C04F79EFBC}") = "Common.Test", "test\Common.Test\Common.Test.csproj", "{16A8D47C-5B97-4D24-BCF0-7D31A9A75E36}"
EndProject
Global
	GlobalSection(SolutionConfigurationPlatforms) = preSolution
		Debug|Any CPU = Debug|Any CPU
		Release|Any CPU = Release|Any CPU
	EndGlobalSection
	GlobalSection(ProjectConfigurationPlatforms) = postSolution
		{0A6FFCC6-BEE8-4664-BA4B-603698ECCA54}.Debug|Any CPU.ActiveCfg = Debug|Any CPU
		{0A6FFCC6-BEE8-4664-BA4B-603698ECCA54}.Debug|Any CPU.Build.0 = Debug|Any CPU
		{0A6FFCC6-BEE8-4664-BA4B-603698ECCA54}.Release|Any CPU.ActiveCfg = Release|Any CPU
		{0A6FFCC6-BEE8-4664-BA4B-603698ECCA54}.Release|Any CPU.Build.0 = Release|Any CPU
		{F06B94B9-04E1-4FBD-ACEE-19C36987B0B2}.Debug|Any CPU.ActiveCfg = Debug|Any CPU
		{F06B94B9-04E1-4FBD-ACEE-19C36987B0B2}.Debug|Any CPU.Build.0 = Debug|Any CPU
		{F06B94B9-04E1-4FBD-ACEE-19C36987B0B2}.Release|Any CPU.ActiveCfg = Release|Any CPU
		{F06B94B9-04E1-4FBD-ACEE-19C36987B0B2}.Release|Any CPU.Build.0 = Release|Any CPU
		{14DF9B1D-3DDF-4599-8049-1B9CB3A8C4ED}.Debug|Any CPU.ActiveCfg = Debug|Any CPU
		{14DF9B1D-3DDF-4599-8049-1B9CB3A8C4ED}.Debug|Any CPU.Build.0 = Debug|Any CPU
		{14DF9B1D-3DDF-4599-8049-1B9CB3A8C4ED}.Release|Any CPU.ActiveCfg = Release|Any CPU
		{14DF9B1D-3DDF-4599-8049-1B9CB3A8C4ED}.Release|Any CPU.Build.0 = Release|Any CPU
		{8CC877D5-F95C-4D42-87AE-D4BDA7A6D4D3}.Debug|Any CPU.ActiveCfg = Debug|Any CPU
		{8CC877D5-F95C-4D42-87AE-D4BDA7A6D4D3}.Debug|Any CPU.Build.0 = Debug|Any CPU
		{8CC877D5-F95C-4D42-87AE-D4BDA7A6D4D3}.Release|Any CPU.ActiveCfg = Release|Any CPU
		{8CC877D5-F95C-4D42-87AE-D4BDA7A6D4D3}.Release|Any CPU.Build.0 = Release|Any CPU
		{634475E4-42D2-4A75-A3BF-111D85656088}.Debug|Any CPU.ActiveCfg = Debug|Any CPU
		{634475E4-42D2-4A75-A3BF-111D85656088}.Debug|Any CPU.Build.0 = Debug|Any CPU
		{634475E4-42D2-4A75-A3BF-111D85656088}.Release|Any CPU.ActiveCfg = Release|Any CPU
		{634475E4-42D2-4A75-A3BF-111D85656088}.Release|Any CPU.Build.0 = Release|Any CPU
		{C5E053B8-2591-4B03-AF7A-8B2EE75DF937}.Debug|Any CPU.ActiveCfg = Debug|Any CPU
		{C5E053B8-2591-4B03-AF7A-8B2EE75DF937}.Debug|Any CPU.Build.0 = Debug|Any CPU
		{C5E053B8-2591-4B03-AF7A-8B2EE75DF937}.Release|Any CPU.ActiveCfg = Release|Any CPU
		{C5E053B8-2591-4B03-AF7A-8B2EE75DF937}.Release|Any CPU.Build.0 = Release|Any CPU
		{16A8D47C-5B97-4D24-BCF0-7D31A9A75E36}.Debug|Any CPU.ActiveCfg = Debug|Any CPU
		{16A8D47C-5B97-4D24-BCF0-7D31A9A75E36}.Debug|Any CPU.Build.0 = Debug|Any CPU
		{16A8D47C-5B97-4D24-BCF0-7D31A9A75E36}.Release|Any CPU.ActiveCfg = Release|Any CPU
		{16A8D47C-5B97-4D24-BCF0-7D31A9A75E36}.Release|Any CPU.Build.0 = Release|Any CPU
	EndGlobalSection
	GlobalSection(SolutionProperties) = preSolution
		HideSolutionNode = FALSE
	EndGlobalSection
	GlobalSection(NestedProjects) = preSolution
		{0A6FFCC6-BEE8-4664-BA4B-603698ECCA54} = {FE39E4FE-6F04-4BF5-8AE2-E25CFE9B2C8D}
		{F06B94B9-04E1-4FBD-ACEE-19C36987B0B2} = {FE39E4FE-6F04-4BF5-8AE2-E25CFE9B2C8D}
		{14DF9B1D-3DDF-4599-8049-1B9CB3A8C4ED} = {FE39E4FE-6F04-4BF5-8AE2-E25CFE9B2C8D}
		{8CC877D5-F95C-4D42-87AE-D4BDA7A6D4D3} = {FE39E4FE-6F04-4BF5-8AE2-E25CFE9B2C8D}
		{634475E4-42D2-4A75-A3BF-111D85656088} = {FE39E4FE-6F04-4BF5-8AE2-E25CFE9B2C8D}
		{C5E053B8-2591-4B03-AF7A-8B2EE75DF937} = {FE39E4FE-6F04-4BF5-8AE2-E25CFE9B2C8D}
		{16A8D47C-5B97-4D24-BCF0-7D31A9A75E36} = {0D104B47-7B75-471E-BE11-7EE397AADEAE}
	EndGlobalSection
	GlobalSection(ExtensibilityGlobals) = postSolution
		SolutionGuid = {34BCFB88-79DA-4A05-BB55-F4380AA7A47E}
	EndGlobalSection
EndGlobal
